
Microsoft Visual Studio Solution File, Format Version 12.00
# Visual Studio 15
VisualStudioVersion = 15.0.26228.4
MinimumVisualStudioVersion = 10.0.40219.1
Project("{9A19103F-16F7-4668-BE54-9A1E7A4F7556}") = "ManagedFramework.Client", "ManagedFramework.Client\ManagedFramework.Client.csproj", "{49A188F2-EDA2-47CE-B663-3AD8C0913391}"
EndProject
Project("{9A19103F-16F7-4668-BE54-9A1E7A4F7556}") = "ManagedFramework.IdentityServer", "ManagedFramework.IdentityServer\ManagedFramework.IdentityServer.csproj", "{AA409765-5CB2-45C7-A18A-43C73752F0DA}"
EndProject
Project("{9A19103F-16F7-4668-BE54-9A1E7A4F7556}") = "ManagedFramework.SqlLite", "ManagedFramework.SqlLite\ManagedFramework.SqlLite.csproj", "{62D4CBCB-F5DA-40A0-B042-1704D1F44D82}"
EndProject
Project("{FAE04EC0-301F-11D3-BF4B-00C04F79EFBC}") = "ManagedFramework.Core", "ManagedFramework.Core\ManagedFramework.Core.csproj", "{A23F638E-3C15-4092-B12E-47A2589EC686}"
EndProject
Project("{FAE04EC0-301F-11D3-BF4B-00C04F79EFBC}") = "ManagedFramework.Data.SqlLite", "ManagedFramework.Data.SqlLite\ManagedFramework.Data.SqlLite.csproj", "{C377707D-96F4-4841-99C6-7BE53088E104}"
EndProject
Project("{9A19103F-16F7-4668-BE54-9A1E7A4F7556}") = "ManagedFramework", "ManagedFramework\ManagedFramework\ManagedFramework.csproj", "{99FFC557-3182-4207-A268-376F527C00B8}"
EndProject
Global
	GlobalSection(SolutionConfigurationPlatforms) = preSolution
		Debug|Any CPU = Debug|Any CPU
		Release|Any CPU = Release|Any CPU
	EndGlobalSection
	GlobalSection(ProjectConfigurationPlatforms) = postSolution
		{49A188F2-EDA2-47CE-B663-3AD8C0913391}.Debug|Any CPU.ActiveCfg = Debug|Any CPU
		{49A188F2-EDA2-47CE-B663-3AD8C0913391}.Debug|Any CPU.Build.0 = Debug|Any CPU
		{49A188F2-EDA2-47CE-B663-3AD8C0913391}.Release|Any CPU.ActiveCfg = Release|Any CPU
		{49A188F2-EDA2-47CE-B663-3AD8C0913391}.Release|Any CPU.Build.0 = Release|Any CPU
		{AA409765-5CB2-45C7-A18A-43C73752F0DA}.Debug|Any CPU.ActiveCfg = Debug|Any CPU
		{AA409765-5CB2-45C7-A18A-43C73752F0DA}.Debug|Any CPU.Build.0 = Debug|Any CPU
		{AA409765-5CB2-45C7-A18A-43C73752F0DA}.Release|Any CPU.ActiveCfg = Release|Any CPU
		{AA409765-5CB2-45C7-A18A-43C73752F0DA}.Release|Any CPU.Build.0 = Release|Any CPU
		{62D4CBCB-F5DA-40A0-B042-1704D1F44D82}.Debug|Any CPU.ActiveCfg = Debug|Any CPU
		{62D4CBCB-F5DA-40A0-B042-1704D1F44D82}.Debug|Any CPU.Build.0 = Debug|Any CPU
		{62D4CBCB-F5DA-40A0-B042-1704D1F44D82}.Release|Any CPU.ActiveCfg = Release|Any CPU
		{62D4CBCB-F5DA-40A0-B042-1704D1F44D82}.Release|Any CPU.Build.0 = Release|Any CPU
		{A23F638E-3C15-4092-B12E-47A2589EC686}.Debug|Any CPU.ActiveCfg = Debug|Any CPU
		{A23F638E-3C15-4092-B12E-47A2589EC686}.Debug|Any CPU.Build.0 = Debug|Any CPU
		{A23F638E-3C15-4092-B12E-47A2589EC686}.Release|Any CPU.ActiveCfg = Release|Any CPU
		{A23F638E-3C15-4092-B12E-47A2589EC686}.Release|Any CPU.Build.0 = Release|Any CPU
		{C377707D-96F4-4841-99C6-7BE53088E104}.Debug|Any CPU.ActiveCfg = Debug|Any CPU
		{C377707D-96F4-4841-99C6-7BE53088E104}.Debug|Any CPU.Build.0 = Debug|Any CPU
		{C377707D-96F4-4841-99C6-7BE53088E104}.Release|Any CPU.ActiveCfg = Release|Any CPU
		{C377707D-96F4-4841-99C6-7BE53088E104}.Release|Any CPU.Build.0 = Release|Any CPU
		{99FFC557-3182-4207-A268-376F527C00B8}.Debug|Any CPU.ActiveCfg = Debug|Any CPU
		{99FFC557-3182-4207-A268-376F527C00B8}.Debug|Any CPU.Build.0 = Debug|Any CPU
		{99FFC557-3182-4207-A268-376F527C00B8}.Release|Any CPU.ActiveCfg = Release|Any CPU
		{99FFC557-3182-4207-A268-376F527C00B8}.Release|Any CPU.Build.0 = Release|Any CPU
	EndGlobalSection
	GlobalSection(SolutionProperties) = preSolution
		HideSolutionNode = FALSE
	EndGlobalSection
EndGlobal
